{
  "requires": true,
  "lockfileVersion": 1,
  "dependencies": {
    "@ngrx/store": {
      "version": "12.1.0",
      "resolved": "https://registry.npmjs.org/@ngrx/store/-/store-12.1.0.tgz",
      "integrity": "sha512-HrNs7bs/MNkLxFnvGx7uPIvEP3RWqGMewVaFjqUxq6sDefn6D6TQ/Sv/8KsNNxuG7r7pKGw+U/tClunJhmRfpw==",
      "requires": {
        "tslib": "^2.0.0"
      }
    },
    "tslib": {
      "version": "2.3.0",
      "resolved": "https://registry.npmjs.org/tslib/-/tslib-2.3.0.tgz",
      "integrity": "sha512-N82ooyxVNm6h1riLCoyS9e3fuJ3AMG2zIZs2Gd1ATcSFjSA23Q0fzjjZeh0jbJvWVDZ0cJT8yaNNaaXHzueNjg=="
    }
  }
}
